
Microsoft Visual Studio Solution File, Format Version 12.00
# Visual Studio 15
VisualStudioVersion = 15.0.26124.0
MinimumVisualStudioVersion = 15.0.26124.0
Project("{2150E333-8FDC-42A3-9474-1A3956D46DE8}") = "src", "src", "{090782C3-3686-4145-8E76-99448A2BC0F5}"
EndProject
Project("{FAE04EC0-301F-11D3-BF4B-00C04F79EFBC}") = "IdentityServer", "src\IdentityServer\IdentityServer.csproj", "{A4009D56-01F4-4A11-8567-C5EDE3A2531D}"
EndProject
Project("{FAE04EC0-301F-11D3-BF4B-00C04F79EFBC}") = "Api", "src\Api\Api.csproj", "{8D0F0E56-4E03-4287-A979-1EF282202994}"
EndProject
Global
	GlobalSection(SolutionConfigurationPlatforms) = preSolution
		Debug|Any CPU = Debug|Any CPU
		Debug|x64 = Debug|x64
		Debug|x86 = Debug|x86
		Release|Any CPU = Release|Any CPU
		Release|x64 = Release|x64
		Release|x86 = Release|x86
	EndGlobalSection
	GlobalSection(SolutionProperties) = preSolution
		HideSolutionNode = FALSE
	EndGlobalSection
	GlobalSection(ProjectConfigurationPlatforms) = postSolution
		{A4009D56-01F4-4A11-8567-C5EDE3A2531D}.Debug|Any CPU.ActiveCfg = Debug|Any CPU
		{A4009D56-01F4-4A11-8567-C5EDE3A2531D}.Debug|Any CPU.Build.0 = Debug|Any CPU
		{A4009D56-01F4-4A11-8567-C5EDE3A2531D}.Debug|x64.ActiveCfg = Debug|Any CPU
		{A4009D56-01F4-4A11-8567-C5EDE3A2531D}.Debug|x64.Build.0 = Debug|Any CPU
		{A4009D56-01F4-4A11-8567-C5EDE3A2531D}.Debug|x86.ActiveCfg = Debug|Any CPU
		{A4009D56-01F4-4A11-8567-C5EDE3A2531D}.Debug|x86.Build.0 = Debug|Any CPU
		{A4009D56-01F4-4A11-8567-C5EDE3A2531D}.Release|Any CPU.ActiveCfg = Release|Any CPU
		{A4009D56-01F4-4A11-8567-C5EDE3A2531D}.Release|Any CPU.Build.0 = Release|Any CPU
		{A4009D56-01F4-4A11-8567-C5EDE3A2531D}.Release|x64.ActiveCfg = Release|Any CPU
		{A4009D56-01F4-4A11-8567-C5EDE3A2531D}.Release|x64.Build.0 = Release|Any CPU
		{A4009D56-01F4-4A11-8567-C5EDE3A2531D}.Release|x86.ActiveCfg = Release|Any CPU
		{A4009D56-01F4-4A11-8567-C5EDE3A2531D}.Release|x86.Build.0 = Release|Any CPU
		{8D0F0E56-4E03-4287-A979-1EF282202994}.Debug|Any CPU.ActiveCfg = Debug|Any CPU
		{8D0F0E56-4E03-4287-A979-1EF282202994}.Debug|Any CPU.Build.0 = Debug|Any CPU
		{8D0F0E56-4E03-4287-A979-1EF282202994}.Debug|x64.ActiveCfg = Debug|Any CPU
		{8D0F0E56-4E03-4287-A979-1EF282202994}.Debug|x64.Build.0 = Debug|Any CPU
		{8D0F0E56-4E03-4287-A979-1EF282202994}.Debug|x86.ActiveCfg = Debug|Any CPU
		{8D0F0E56-4E03-4287-A979-1EF282202994}.Debug|x86.Build.0 = Debug|Any CPU
		{8D0F0E56-4E03-4287-A979-1EF282202994}.Release|Any CPU.ActiveCfg = Release|Any CPU
		{8D0F0E56-4E03-4287-A979-1EF282202994}.Release|Any CPU.Build.0 = Release|Any CPU
		{8D0F0E56-4E03-4287-A979-1EF282202994}.Release|x64.ActiveCfg = Release|Any CPU
		{8D0F0E56-4E03-4287-A979-1EF282202994}.Release|x64.Build.0 = Release|Any CPU
		{8D0F0E56-4E03-4287-A979-1EF282202994}.Release|x86.ActiveCfg = Release|Any CPU
		{8D0F0E56-4E03-4287-A979-1EF282202994}.Release|x86.Build.0 = Release|Any CPU
	EndGlobalSection
	GlobalSection(NestedProjects) = preSolution
		{A4009D56-01F4-4A11-8567-C5EDE3A2531D} = {090782C3-3686-4145-8E76-99448A2BC0F5}
		{8D0F0E56-4E03-4287-A979-1EF282202994} = {090782C3-3686-4145-8E76-99448A2BC0F5}
	EndGlobalSection
EndGlobal
